// !$*UTF8*$!
{
	archiveVersion = 1;
	classes = {
	};
	objectVersion = 56;
	objects = {

/* Begin PBXBuildFile section */
		EA185F2A2A5A02E00087E446 /* AppDelegate.swift in Sources */ = {isa = PBXBuildFile; fileRef = EA185F292A5A02E00087E446 /* AppDelegate.swift */; };
		EA185F2C2A5A02E00087E446 /* SceneDelegate.swift in Sources */ = {isa = PBXBuildFile; fileRef = EA185F2B2A5A02E00087E446 /* SceneDelegate.swift */; };
		EA185F2E2A5A02E00087E446 /* SettingsViewController.swift in Sources */ = {isa = PBXBuildFile; fileRef = EA185F2D2A5A02E00087E446 /* SettingsViewController.swift */; };
		EA185F312A5A02E00087E446 /* Main.storyboard in Resources */ = {isa = PBXBuildFile; fileRef = EA185F2F2A5A02E00087E446 /* Main.storyboard */; };
		EA185F332A5A02E30087E446 /* Assets.xcassets in Resources */ = {isa = PBXBuildFile; fileRef = EA185F322A5A02E30087E446 /* Assets.xcassets */; };
		EA185F362A5A02E30087E446 /* LaunchScreen.storyboard in Resources */ = {isa = PBXBuildFile; fileRef = EA185F342A5A02E30087E446 /* LaunchScreen.storyboard */; };
		EA185F3F2A5AA5C50087E446 /* SwitchSettingTableViewCell.swift in Sources */ = {isa = PBXBuildFile; fileRef = EA185F3D2A5AA5C50087E446 /* SwitchSettingTableViewCell.swift */; };
		EA185F402A5AA5C50087E446 /* SwitchSettingTableViewCell.xib in Resources */ = {isa = PBXBuildFile; fileRef = EA185F3E2A5AA5C50087E446 /* SwitchSettingTableViewCell.xib */; };
		EA185F442A5AA62C0087E446 /* OpenSettingsTableViewCell.swift in Sources */ = {isa = PBXBuildFile; fileRef = EA185F422A5AA62C0087E446 /* OpenSettingsTableViewCell.swift */; };
		EA185F452A5AA62C0087E446 /* OpenSettingsTableViewCell.xib in Resources */ = {isa = PBXBuildFile; fileRef = EA185F432A5AA62C0087E446 /* OpenSettingsTableViewCell.xib */; };
		EA185F472A5AAE8E0087E446 /* SettingModel.swift in Sources */ = {isa = PBXBuildFile; fileRef = EA185F462A5AAE8E0087E446 /* SettingModel.swift */; };
		EA185F492A5AD79B0087E446 /* SettingsManager.swift in Sources */ = {isa = PBXBuildFile; fileRef = EA185F482A5AD79B0087E446 /* SettingsManager.swift */; };
		EA185F4D2A5B22C20087E446 /* StatsViewController.swift in Sources */ = {isa = PBXBuildFile; fileRef = EA185F4C2A5B22C20087E446 /* StatsViewController.swift */; };
		EA185F502A5B247B0087E446 /* WinnersStatsTableViewCell.swift in Sources */ = {isa = PBXBuildFile; fileRef = EA185F4E2A5B247B0087E446 /* WinnersStatsTableViewCell.swift */; };
		EA185F512A5B247B0087E446 /* WinnersStatsTableViewCell.xib in Resources */ = {isa = PBXBuildFile; fileRef = EA185F4F2A5B247B0087E446 /* WinnersStatsTableViewCell.xib */; };
		EA185F542A5B24920087E446 /* OtherStatsTableViewCell.swift in Sources */ = {isa = PBXBuildFile; fileRef = EA185F522A5B24920087E446 /* OtherStatsTableViewCell.swift */; };
		EA185F552A5B24920087E446 /* OtherStatsTableViewCell.xib in Resources */ = {isa = PBXBuildFile; fileRef = EA185F532A5B24920087E446 /* OtherStatsTableViewCell.xib */; };
/* End PBXBuildFile section */

/* Begin PBXFileReference section */
		EA185F262A5A02E00087E446 /* Race.app */ = {isa = PBXFileReference; explicitFileType = wrapper.application; includeInIndex = 0; path = Race.app; sourceTree = BUILT_PRODUCTS_DIR; };
		EA185F292A5A02E00087E446 /* AppDelegate.swift */ = {isa = PBXFileReference; lastKnownFileType = sourcecode.swift; path = AppDelegate.swift; sourceTree = "<group>"; };
		EA185F2B2A5A02E00087E446 /* SceneDelegate.swift */ = {isa = PBXFileReference; lastKnownFileType = sourcecode.swift; path = SceneDelegate.swift; sourceTree = "<group>"; };
		EA185F2D2A5A02E00087E446 /* SettingsViewController.swift */ = {isa = PBXFileReference; lastKnownFileType = sourcecode.swift; path = SettingsViewController.swift; sourceTree = "<group>"; };
		EA185F302A5A02E00087E446 /* Base */ = {isa = PBXFileReference; lastKnownFileType = file.storyboard; name = Base; path = Base.lproj/Main.storyboard; sourceTree = "<group>"; };
		EA185F322A5A02E30087E446 /* Assets.xcassets */ = {isa = PBXFileReference; lastKnownFileType = folder.assetcatalog; path = Assets.xcassets; sourceTree = "<group>"; };
		EA185F352A5A02E30087E446 /* Base */ = {isa = PBXFileReference; lastKnownFileType = file.storyboard; name = Base; path = Base.lproj/LaunchScreen.storyboard; sourceTree = "<group>"; };
		EA185F372A5A02E30087E446 /* Info.plist */ = {isa = PBXFileReference; lastKnownFileType = text.plist.xml; path = Info.plist; sourceTree = "<group>"; };
		EA185F3D2A5AA5C50087E446 /* SwitchSettingTableViewCell.swift */ = {isa = PBXFileReference; lastKnownFileType = sourcecode.swift; path = SwitchSettingTableViewCell.swift; sourceTree = "<group>"; };
		EA185F3E2A5AA5C50087E446 /* SwitchSettingTableViewCell.xib */ = {isa = PBXFileReference; lastKnownFileType = file.xib; path = SwitchSettingTableViewCell.xib; sourceTree = "<group>"; };
		EA185F422A5AA62C0087E446 /* OpenSettingsTableViewCell.swift */ = {isa = PBXFileReference; lastKnownFileType = sourcecode.swift; path = OpenSettingsTableViewCell.swift; sourceTree = "<group>"; };
		EA185F432A5AA62C0087E446 /* OpenSettingsTableViewCell.xib */ = {isa = PBXFileReference; lastKnownFileType = file.xib; path = OpenSettingsTableViewCell.xib; sourceTree = "<group>"; };
		EA185F462A5AAE8E0087E446 /* SettingModel.swift */ = {isa = PBXFileReference; lastKnownFileType = sourcecode.swift; path = SettingModel.swift; sourceTree = "<group>"; };
		EA185F482A5AD79B0087E446 /* SettingsManager.swift */ = {isa = PBXFileReference; lastKnownFileType = sourcecode.swift; path = SettingsManager.swift; sourceTree = "<group>"; };
		EA185F4C2A5B22C20087E446 /* StatsViewController.swift */ = {isa = PBXFileReference; lastKnownFileType = sourcecode.swift; path = StatsViewController.swift; sourceTree = "<group>"; };
		EA185F4E2A5B247B0087E446 /* WinnersStatsTableViewCell.swift */ = {isa = PBXFileReference; lastKnownFileType = sourcecode.swift; path = WinnersStatsTableViewCell.swift; sourceTree = "<group>"; };
		EA185F4F2A5B247B0087E446 /* WinnersStatsTableViewCell.xib */ = {isa = PBXFileReference; lastKnownFileType = file.xib; path = WinnersStatsTableViewCell.xib; sourceTree = "<group>"; };
		EA185F522A5B24920087E446 /* OtherStatsTableViewCell.swift */ = {isa = PBXFileReference; lastKnownFileType = sourcecode.swift; path = OtherStatsTableViewCell.swift; sourceTree = "<group>"; };
		EA185F532A5B24920087E446 /* OtherStatsTableViewCell.xib */ = {isa = PBXFileReference; lastKnownFileType = file.xib; path = OtherStatsTableViewCell.xib; sourceTree = "<group>"; };
/* End PBXFileReference section */

/* Begin PBXFrameworksBuildPhase section */
		EA185F232A5A02E00087E446 /* Frameworks */ = {
			isa = PBXFrameworksBuildPhase;
			buildActionMask = 2147483647;
			files = (
			);
			runOnlyForDeploymentPostprocessing = 0;
		};
/* End PBXFrameworksBuildPhase section */

/* Begin PBXGroup section */
		EA185F1D2A5A02E00087E446 = {
			isa = PBXGroup;
			children = (
				EA185F282A5A02E00087E446 /* Race */,
				EA185F272A5A02E00087E446 /* Products */,
			);
			sourceTree = "<group>";
		};
		EA185F272A5A02E00087E446 /* Products */ = {
			isa = PBXGroup;
			children = (
				EA185F262A5A02E00087E446 /* Race.app */,
			);
			name = Products;
			sourceTree = "<group>";
		};
		EA185F282A5A02E00087E446 /* Race */ = {
			isa = PBXGroup;
			children = (
				EA185F292A5A02E00087E446 /* AppDelegate.swift */,
				EA185F2B2A5A02E00087E446 /* SceneDelegate.swift */,
				EA185F2D2A5A02E00087E446 /* SettingsViewController.swift */,
				EA185F482A5AD79B0087E446 /* SettingsManager.swift */,
				EA185F462A5AAE8E0087E446 /* SettingModel.swift */,
				EA185F4C2A5B22C20087E446 /* StatsViewController.swift */,
				EA185F2F2A5A02E00087E446 /* Main.storyboard */,
				EA185F412A5AA5DA0087E446 /* Cells */,
				EA185F322A5A02E30087E446 /* Assets.xcassets */,
				EA185F342A5A02E30087E446 /* LaunchScreen.storyboard */,
				EA185F372A5A02E30087E446 /* Info.plist */,
			);
			path = Race;
			sourceTree = "<group>";
		};
		EA185F412A5AA5DA0087E446 /* Cells */ = {
			isa = PBXGroup;
			children = (
				EA185F422A5AA62C0087E446 /* OpenSettingsTableViewCell.swift */,
				EA185F432A5AA62C0087E446 /* OpenSettingsTableViewCell.xib */,
				EA185F3D2A5AA5C50087E446 /* SwitchSettingTableViewCell.swift */,
				EA185F3E2A5AA5C50087E446 /* SwitchSettingTableViewCell.xib */,
				EA185F4E2A5B247B0087E446 /* WinnersStatsTableViewCell.swift */,
				EA185F4F2A5B247B0087E446 /* WinnersStatsTableViewCell.xib */,
				EA185F522A5B24920087E446 /* OtherStatsTableViewCell.swift */,
				EA185F532A5B24920087E446 /* OtherStatsTableViewCell.xib */,
			);
			path = Cells;
			sourceTree = "<group>";
		};
/* End PBXGroup section */

/* Begin PBXNativeTarget section */
		EA185F252A5A02E00087E446 /* Race */ = {
			isa = PBXNativeTarget;
			buildConfigurationList = EA185F3A2A5A02E30087E446 /* Build configuration list for PBXNativeTarget "Race" */;
			buildPhases = (
				EA185F222A5A02E00087E446 /* Sources */,
				EA185F232A5A02E00087E446 /* Frameworks */,
				EA185F242A5A02E00087E446 /* Resources */,
			);
			buildRules = (
			);
			dependencies = (
			);
			name = Race;
			productName = Race;
			productReference = EA185F262A5A02E00087E446 /* Race.app */;
			productType = "com.apple.product-type.application";
		};
/* End PBXNativeTarget section */

/* Begin PBXProject section */
		EA185F1E2A5A02E00087E446 /* Project object */ = {
			isa = PBXProject;
			attributes = {
				BuildIndependentTargetsInParallel = 1;
				LastSwiftUpdateCheck = 1430;
				LastUpgradeCheck = 1430;
				TargetAttributes = {
					EA185F252A5A02E00087E446 = {
						CreatedOnToolsVersion = 14.3.1;
					};
				};
			};
			buildConfigurationList = EA185F212A5A02E00087E446 /* Build configuration list for PBXProject "Race" */;
			compatibilityVersion = "Xcode 14.0";
			developmentRegion = en;
			hasScannedForEncodings = 0;
			knownRegions = (
				en,
				Base,
			);
			mainGroup = EA185F1D2A5A02E00087E446;
			productRefGroup = EA185F272A5A02E00087E446 /* Products */;
			projectDirPath = "";
			projectRoot = "";
			targets = (
				EA185F252A5A02E00087E446 /* Race */,
			);
		};
/* End PBXProject section */

/* Begin PBXResourcesBuildPhase section */
		EA185F242A5A02E00087E446 /* Resources */ = {
			isa = PBXResourcesBuildPhase;
			buildActionMask = 2147483647;
			files = (
				EA185F362A5A02E30087E446 /* LaunchScreen.storyboard in Resources */,
				EA185F452A5AA62C0087E446 /* OpenSettingsTableViewCell.xib in Resources */,
				EA185F332A5A02E30087E446 /* Assets.xcassets in Resources */,
				EA185F402A5AA5C50087E446 /* SwitchSettingTableViewCell.xib in Resources */,
				EA185F512A5B247B0087E446 /* WinnersStatsTableViewCell.xib in Resources */,
				EA185F552A5B24920087E446 /* OtherStatsTableViewCell.xib in Resources */,
				EA185F312A5A02E00087E446 /* Main.storyboard in Resources */,
			);
			runOnlyForDeploymentPostprocessing = 0;
		};
/* End PBXResourcesBuildPhase section */

/* Begin PBXSourcesBuildPhase section */
		EA185F222A5A02E00087E446 /* Sources */ = {
			isa = PBXSourcesBuildPhase;
			buildActionMask = 2147483647;
			files = (
				EA185F3F2A5AA5C50087E446 /* SwitchSettingTableViewCell.swift in Sources */,
				EA185F502A5B247B0087E446 /* WinnersStatsTableViewCell.swift in Sources */,
				EA185F2E2A5A02E00087E446 /* SettingsViewController.swift in Sources */,
				EA185F4D2A5B22C20087E446 /* StatsViewController.swift in Sources */,
				EA185F472A5AAE8E0087E446 /* SettingModel.swift in Sources */,
				EA185F492A5AD79B0087E446 /* SettingsManager.swift in Sources */,
				EA185F542A5B24920087E446 /* OtherStatsTableViewCell.swift in Sources */,
				EA185F442A5AA62C0087E446 /* OpenSettingsTableViewCell.swift in Sources */,
				EA185F2A2A5A02E00087E446 /* AppDelegate.swift in Sources */,
				EA185F2C2A5A02E00087E446 /* SceneDelegate.swift in Sources */,
			);
			runOnlyForDeploymentPostprocessing = 0;
		};
/* End PBXSourcesBuildPhase section */

/* Begin PBXVariantGroup section */
		EA185F2F2A5A02E00087E446 /* Main.storyboard */ = {
			isa = PBXVariantGroup;
			children = (
				EA185F302A5A02E00087E446 /* Base */,
			);
			name = Main.storyboard;
			sourceTree = "<group>";
		};
		EA185F342A5A02E30087E446 /* LaunchScreen.storyboard */ = {
			isa = PBXVariantGroup;
			children = (
				EA185F352A5A02E30087E446 /* Base */,
			);
			name = LaunchScreen.storyboard;
			sourceTree = "<group>";
		};
/* End PBXVariantGroup section */

/* Begin XCBuildConfiguration section */
		EA185F382A5A02E30087E446 /* Debug */ = {
			isa = XCBuildConfiguration;
			buildSettings = {
				ALWAYS_SEARCH_USER_PATHS = NO;
				CLANG_ANALYZER_NONNULL = YES;
				CLANG_ANALYZER_NUMBER_OBJECT_CONVERSION = YES_AGGRESSIVE;
				CLANG_CXX_LANGUAGE_STANDARD = "gnu++20";
				CLANG_ENABLE_MODULES = YES;
				CLANG_ENABLE_OBJC_ARC = YES;
				CLANG_ENABLE_OBJC_WEAK = YES;
				CLANG_WARN_BLOCK_CAPTURE_AUTORELEASING = YES;
				CLANG_WARN_BOOL_CONVERSION = YES;
				CLANG_WARN_COMMA = YES;
				CLANG_WARN_CONSTANT_CONVERSION = YES;
				CLANG_WARN_DEPRECATED_OBJC_IMPLEMENTATIONS = YES;
				CLANG_WARN_DIRECT_OBJC_ISA_USAGE = YES_ERROR;
				CLANG_WARN_DOCUMENTATION_COMMENTS = YES;
				CLANG_WARN_EMPTY_BODY = YES;
				CLANG_WARN_ENUM_CONVERSION = YES;
				CLANG_WARN_INFINITE_RECURSION = YES;
				CLANG_WARN_INT_CONVERSION = YES;
				CLANG_WARN_NON_LITERAL_NULL_CONVERSION = YES;
				CLANG_WARN_OBJC_IMPLICIT_RETAIN_SELF = YES;
				CLANG_WARN_OBJC_LITERAL_CONVERSION = YES;
				CLANG_WARN_OBJC_ROOT_CLASS = YES_ERROR;
				CLANG_WARN_QUOTED_INCLUDE_IN_FRAMEWORK_HEADER = YES;
				CLANG_WARN_RANGE_LOOP_ANALYSIS = YES;
				CLANG_WARN_STRICT_PROTOTYPES = YES;
				CLANG_WARN_SUSPICIOUS_MOVE = YES;
				CLANG_WARN_UNGUARDED_AVAILABILITY = YES_AGGRESSIVE;
				CLANG_WARN_UNREACHABLE_CODE = YES;
				CLANG_WARN__DUPLICATE_METHOD_MATCH = YES;
				COPY_PHASE_STRIP = NO;
				DEBUG_INFORMATION_FORMAT = dwarf;
				ENABLE_STRICT_OBJC_MSGSEND = YES;
				ENABLE_TESTABILITY = YES;
				GCC_C_LANGUAGE_STANDARD = gnu11;
				GCC_DYNAMIC_NO_PIC = NO;
				GCC_NO_COMMON_BLOCKS = YES;
				GCC_OPTIMIZATION_LEVEL = 0;
				GCC_PREPROCESSOR_DEFINITIONS = (
					"DEBUG=1",
					"$(inherited)",
				);
				GCC_WARN_64_TO_32_BIT_CONVERSION = YES;
				GCC_WARN_ABOUT_RETURN_TYPE = YES_ERROR;
				GCC_WARN_UNDECLARED_SELECTOR = YES;
				GCC_WARN_UNINITIALIZED_AUTOS = YES_AGGRESSIVE;
				GCC_WARN_UNUSED_FUNCTION = YES;
				GCC_WARN_UNUSED_VARIABLE = YES;
				IPHONEOS_DEPLOYMENT_TARGET = 16.4;
				MTL_ENABLE_DEBUG_INFO = INCLUDE_SOURCE;
				MTL_FAST_MATH = YES;
				ONLY_ACTIVE_ARCH = YES;
				SDKROOT = iphoneos;
				SWIFT_ACTIVE_COMPILATION_CONDITIONS = DEBUG;
				SWIFT_OPTIMIZATION_LEVEL = "-Onone";
			};
			name = Debug;
		};
		EA185F392A5A02E30087E446 /* Release */ = {
			isa = XCBuildConfiguration;
			buildSettings = {
				ALWAYS_SEARCH_USER_PATHS = NO;
				CLANG_ANALYZER_NONNULL = YES;
				CLANG_ANALYZER_NUMBER_OBJECT_CONVERSION = YES_AGGRESSIVE;
				CLANG_CXX_LANGUAGE_STANDARD = "gnu++20";
				CLANG_ENABLE_MODULES = YES;
				CLANG_ENABLE_OBJC_ARC = YES;
				CLANG_ENABLE_OBJC_WEAK = YES;
				CLANG_WARN_BLOCK_CAPTURE_AUTORELEASING = YES;
				CLANG_WARN_BOOL_CONVERSION = YES;
				CLANG_WARN_COMMA = YES;
				CLANG_WARN_CONSTANT_CONVERSION = YES;
				CLANG_WARN_DEPRECATED_OBJC_IMPLEMENTATIONS = YES;
				CLANG_WARN_DIRECT_OBJC_ISA_USAGE = YES_ERROR;
				CLANG_WARN_DOCUMENTATION_COMMENTS = YES;
				CLANG_WARN_EMPTY_BODY = YES;
				CLANG_WARN_ENUM_CONVERSION = YES;
				CLANG_WARN_INFINITE_RECURSION = YES;
				CLANG_WARN_INT_CONVERSION = YES;
				CLANG_WARN_NON_LITERAL_NULL_CONVERSION = YES;
				CLANG_WARN_OBJC_IMPLICIT_RETAIN_SELF = YES;
				CLANG_WARN_OBJC_LITERAL_CONVERSION = YES;
				CLANG_WARN_OBJC_ROOT_CLASS = YES_ERROR;
				CLANG_WARN_QUOTED_INCLUDE_IN_FRAMEWORK_HEADER = YES;
				CLANG_WARN_RANGE_LOOP_ANALYSIS = YES;
				CLANG_WARN_STRICT_PROTOTYPES = YES;
				CLANG_WARN_SUSPICIOUS_MOVE = YES;
				CLANG_WARN_UNGUARDED_AVAILABILITY = YES_AGGRESSIVE;
				CLANG_WARN_UNREACHABLE_CODE = YES;
				CLANG_WARN__DUPLICATE_METHOD_MATCH = YES;
				COPY_PHASE_STRIP = NO;
				DEBUG_INFORMATION_FORMAT = "dwarf-with-dsym";
				ENABLE_NS_ASSERTIONS = NO;
				ENABLE_STRICT_OBJC_MSGSEND = YES;
				GCC_C_LANGUAGE_STANDARD = gnu11;
				GCC_NO_COMMON_BLOCKS = YES;
				GCC_WARN_64_TO_32_BIT_CONVERSION = YES;
				GCC_WARN_ABOUT_RETURN_TYPE = YES_ERROR;
				GCC_WARN_UNDECLARED_SELECTOR = YES;
				GCC_WARN_UNINITIALIZED_AUTOS = YES_AGGRESSIVE;
				GCC_WARN_UNUSED_FUNCTION = YES;
				GCC_WARN_UNUSED_VARIABLE = YES;
				IPHONEOS_DEPLOYMENT_TARGET = 16.4;
				MTL_ENABLE_DEBUG_INFO = NO;
				MTL_FAST_MATH = YES;
				SDKROOT = iphoneos;
				SWIFT_COMPILATION_MODE = wholemodule;
				SWIFT_OPTIMIZATION_LEVEL = "-O";
				VALIDATE_PRODUCT = YES;
			};
			name = Release;
		};
		EA185F3B2A5A02E30087E446 /* Debug */ = {
			isa = XCBuildConfiguration;
			buildSettings = {
				ASSETCATALOG_COMPILER_APPICON_NAME = AppIcon;
				ASSETCATALOG_COMPILER_GLOBAL_ACCENT_COLOR_NAME = AccentColor;
				CODE_SIGN_STYLE = Automatic;
				CURRENT_PROJECT_VERSION = 1;
				DEVELOPMENT_TEAM = 3QBZ3X93DR;
				GENERATE_INFOPLIST_FILE = YES;
				INFOPLIST_FILE = Race/Info.plist;
				INFOPLIST_KEY_UIApplicationSupportsIndirectInputEvents = YES;
				INFOPLIST_KEY_UILaunchStoryboardName = LaunchScreen;
				INFOPLIST_KEY_UIMainStoryboardFile = Main;
				INFOPLIST_KEY_UISupportedInterfaceOrientations_iPad = "UIInterfaceOrientationPortrait UIInterfaceOrientationPortraitUpsideDown UIInterfaceOrientationLandscapeLeft UIInterfaceOrientationLandscapeRight";
				INFOPLIST_KEY_UISupportedInterfaceOrientations_iPhone = "UIInterfaceOrientationPortrait UIInterfaceOrientationLandscapeLeft UIInterfaceOrientationLandscapeRight";
				LD_RUNPATH_SEARCH_PATHS = (
					"$(inherited)",
					"@executable_path/Frameworks",
				);
				MARKETING_VERSION = 1.0;
				PRODUCT_BUNDLE_IDENTIFIER = com.valentyna.Race;
				PRODUCT_NAME = "$(TARGET_NAME)";
				SWIFT_EMIT_LOC_STRINGS = YES;
				SWIFT_VERSION = 5.0;
				TARGETED_DEVICE_FAMILY = "1,2";
			};
			name = Debug;
		};
		EA185F3C2A5A02E30087E446 /* Release */ = {
			isa = XCBuildConfiguration;
			buildSettings = {
				ASSETCATALOG_COMPILER_APPICON_NAME = AppIcon;
				ASSETCATALOG_COMPILER_GLOBAL_ACCENT_COLOR_NAME = AccentColor;
				CODE_SIGN_STYLE = Automatic;
				CURRENT_PROJECT_VERSION = 1;
				DEVELOPMENT_TEAM = 3QBZ3X93DR;
				GENERATE_INFOPLIST_FILE = YES;
				INFOPLIST_FILE = Race/Info.plist;
				INFOPLIST_KEY_UIApplicationSupportsIndirectInputEvents = YES;
				INFOPLIST_KEY_UILaunchStoryboardName = LaunchScreen;
				INFOPLIST_KEY_UIMainStoryboardFile = Main;
				INFOPLIST_KEY_UISupportedInterfaceOrientations_iPad = "UIInterfaceOrientationPortrait UIInterfaceOrientationPortraitUpsideDown UIInterfaceOrientationLandscapeLeft UIInterfaceOrientationLandscapeRight";
				INFOPLIST_KEY_UISupportedInterfaceOrientations_iPhone = "UIInterfaceOrientationPortrait UIInterfaceOrientationLandscapeLeft UIInterfaceOrientationLandscapeRight";
				LD_RUNPATH_SEARCH_PATHS = (
					"$(inherited)",
					"@executable_path/Frameworks",
				);
				MARKETING_VERSION = 1.0;
				PRODUCT_BUNDLE_IDENTIFIER = com.valentyna.Race;
				PRODUCT_NAME = "$(TARGET_NAME)";
				SWIFT_EMIT_LOC_STRINGS = YES;
				SWIFT_VERSION = 5.0;
				TARGETED_DEVICE_FAMILY = "1,2";
			};
			name = Release;
		};
/* End XCBuildConfiguration section */

/* Begin XCConfigurationList section */
		EA185F212A5A02E00087E446 /* Build configuration list for PBXProject "Race" */ = {
			isa = XCConfigurationList;
			buildConfigurations = (
				EA185F382A5A02E30087E446 /* Debug */,
				EA185F392A5A02E30087E446 /* Release */,
			);
			defaultConfigurationIsVisible = 0;
			defaultConfigurationName = Release;
		};
		EA185F3A2A5A02E30087E446 /* Build configuration list for PBXNativeTarget "Race" */ = {
			isa = XCConfigurationList;
			buildConfigurations = (
				EA185F3B2A5A02E30087E446 /* Debug */,
				EA185F3C2A5A02E30087E446 /* Release */,
			);
			defaultConfigurationIsVisible = 0;
			defaultConfigurationName = Release;
		};
/* End XCConfigurationList section */
	};
	rootObject = EA185F1E2A5A02E00087E446 /* Project object */;
}
